{
  "name": "app",
  "lockfileVersion": 3,
  "requires": true,
  "packages": {
    "": {
      "name": "app",
      "dependencies": {
        "@hotwired/turbo-rails": "^8.0.0-beta.2",
        "@popperjs/core": "^2.11.8",
        "@rails/ujs": "^7.1.2",
        "bootstrap": "5.3",
        "brew": "^0.0.8",
        "jquery": "^3.7.1",
        "popper.js": "^1.16.1"
      }
    },
    "node_modules/@hotwired/turbo": {
      "version": "8.0.0-beta.2",
      "resolved": "https://registry.npmjs.org/@hotwired/turbo/-/turbo-8.0.0-beta.2.tgz",
      "integrity": "sha512-Ewdz4m+rlBXiqU8hXC9qjrA6/gaYlwUWbab8M/+/PW3KEoZ36pqvLt4l7wEXELPk699bRXVFS08mt3icJ0idfg==",
      "engines": {
        "node": ">= 14"
      }
    },
    "node_modules/@hotwired/turbo-rails": {
      "version": "8.0.0-beta.2",
      "resolved": "https://registry.npmjs.org/@hotwired/turbo-rails/-/turbo-rails-8.0.0-beta.2.tgz",
      "integrity": "sha512-t/e2FvOrhkDOWygsxqJ/drCz74j16hfq3wobzST9qFp7wBZXbGuw0dxB7sPpC+4I9s726KKR5ZaN+D8zaaGfPg==",
      "dependencies": {
        "@hotwired/turbo": "^8.0.0-beta.2",
        "@rails/actioncable": "^7.0"
      }
    },
    "node_modules/@popperjs/core": {
      "version": "2.11.8",
      "resolved": "https://registry.npmjs.org/@popperjs/core/-/core-2.11.8.tgz",
      "integrity": "sha512-P1st0aksCrn9sGZhp8GMYwBnQsbvAWsZAX44oXNNvLHGqAOcoVxmjZiohstwQ7SqKnbR47akdNi+uleWD8+g6A==",
      "funding": {
        "type": "opencollective",
        "url": "https://opencollective.com/popperjs"
      }
    },
    "node_modules/@rails/actioncable": {
      "version": "7.1.2",
      "resolved": "https://registry.npmjs.org/@rails/actioncable/-/actioncable-7.1.2.tgz",
      "integrity": "sha512-KGziTZfbmGm8/fHOpj515xupbYU+49hsp4etfdpoDJ/CEY2bRZR0cyFcJkpK6n0t/sxOHNWY6bo9vSgXZvT7Mg=="
    },
    "node_modules/@rails/ujs": {
      "version": "7.1.2",
      "resolved": "https://registry.npmjs.org/@rails/ujs/-/ujs-7.1.2.tgz",
      "integrity": "sha512-c5x02djEKEVVE4qfN4XgElJS4biM0xxtIVpcJ0ZHLK116U19rowTtmD0AJ/RCb3Xaewa4GPIWLlwgeC0dCQqzw=="
    },
    "node_modules/bootstrap": {
      "version": "5.3.2",
      "resolved": "https://registry.npmjs.org/bootstrap/-/bootstrap-5.3.2.tgz",
      "integrity": "sha512-D32nmNWiQHo94BKHLmOrdjlL05q1c8oxbtBphQFb9Z5to6eGRDCm0QgeaZ4zFBHzfg2++rqa2JkqCcxDy0sH0g==",
      "funding": [
        {
          "type": "github",
          "url": "https://github.com/sponsors/twbs"
        },
        {
          "type": "opencollective",
          "url": "https://opencollective.com/bootstrap"
        }
      ],
      "peerDependencies": {
        "@popperjs/core": "^2.11.8"
      }
    },
    "node_modules/brew": {
      "version": "0.0.8",
      "resolved": "https://registry.npmjs.org/brew/-/brew-0.0.8.tgz",
      "integrity": "sha512-BSTwOi8fIk8+7SbNmqhleUdjVZTewhYOqRb7zeSOk45sEx1ak6v1btoFl0WiaIbl1dsg4DFHQ4qefXpqXztMXA=="
    },
    "node_modules/jquery": {
      "version": "3.7.1",
      "resolved": "https://registry.npmjs.org/jquery/-/jquery-3.7.1.tgz",
      "integrity": "sha512-m4avr8yL8kmFN8psrbFFFmB/If14iN5o9nw/NgnnM+kybDJpRsAynV2BsfpTYrTRysYUdADVD7CkUUizgkpLfg==",
      "license": "MIT"
    },
    "node_modules/popper.js": {
      "version": "1.16.1",
      "resolved": "https://registry.npmjs.org/popper.js/-/popper.js-1.16.1.tgz",
      "integrity": "sha512-Wb4p1J4zyFTbM+u6WuO4XstYx4Ky9Cewe4DWrel7B0w6VVICvPwdOpotjzcf6eD8TsckVnIMNONQyPIUFOUbCQ==",
      "deprecated": "You can find the new Popper v2 at @popperjs/core, this package is dedicated to the legacy v1",
      "funding": {
        "type": "opencollective",
        "url": "https://opencollective.com/popperjs"
      }
    }
  }
}
